
Microsoft Visual Studio Solution File, Format Version 12.00
# Visual Studio Version 17
VisualStudioVersion = 17.3.32804.467
MinimumVisualStudioVersion = 10.0.40219.1
Project("{FAE04EC0-301F-11D3-BF4B-00C04F79EFBC}") = "EComraceWab", "EComraceWab\EComraceWab.csproj", "{880FC03A-0702-43B6-B6C2-5F1958E4C445}"
EndProject
Global
	GlobalSection(SolutionConfigurationPlatforms) = preSolution
		Debug|Any CPU = Debug|Any CPU
		Release|Any CPU = Release|Any CPU
	EndGlobalSection
	GlobalSection(ProjectConfigurationPlatforms) = postSolution
		{880FC03A-0702-43B6-B6C2-5F1958E4C445}.Debug|Any CPU.ActiveCfg = Debug|Any CPU
		{880FC03A-0702-43B6-B6C2-5F1958E4C445}.Debug|Any CPU.Build.0 = Debug|Any CPU
		{880FC03A-0702-43B6-B6C2-5F1958E4C445}.Release|Any CPU.ActiveCfg = Release|Any CPU
		{880FC03A-0702-43B6-B6C2-5F1958E4C445}.Release|Any CPU.Build.0 = Release|Any CPU
	EndGlobalSection
	GlobalSection(SolutionProperties) = preSolution
		HideSolutionNode = FALSE
	EndGlobalSection
	GlobalSection(ExtensibilityGlobals) = postSolution
		SolutionGuid = {1D03D2EE-A4C9-4018-8492-18B49CE579D8}
	EndGlobalSection
EndGlobal
